<?xml version="1.0" encoding="UTF-8" standalone="yes" ?>
<CodeBlocks_project_file>
	<FileVersion major="1" minor="6" />
	<Project>
		<Option title="Assignment 3" />
		<Option pch_mode="2" />
		<Option compiler="gcc" />
		<Build>
			<Target title="Debug">
				<Option output="bin/Debug/Assignment 3" prefix_auto="1" extension_auto="1" />
				<Option object_output="obj/Debug/" />
				<Option type="1" />
				<Option compiler="gcc" />
				<Compiler>
					<Add option="-g" />
				</Compiler>
			</Target>
			<Target title="Release">
				<Option output="bin/Release/Assignment 3" prefix_auto="1" extension_auto="1" />
				<Option object_output="obj/Release/" />
				<Option type="1" />
				<Option compiler="gcc" />
				<Compiler>
					<Add option="-O2" />
				</Compiler>
				<Linker>
					<Add option="-s" />
				</Linker>
			</Target>
		</Build>
		<Compiler>
			<Add option="-Wall" />
		</Compiler>
		<Unit filename="combat.c">
			<Option compilerVar="CC" />
		</Unit>
		<Unit filename="combat.h" />
		<Unit filename="gameController.c">
			<Option compilerVar="CC" />
		</Unit>
		<Unit filename="gameController.h" />
		<Unit filename="items.txt" />
		<Unit filename="main.c">
			<Option compilerVar="CC" />
		</Unit>
		<Unit filename="monsters.txt" />
		<Unit filename="potions.txt" />
		<Unit filename="proceduralGen.c">
			<Option compilerVar="CC" />
		</Unit>
		<Unit filename="proceduralGen.h" />
		<Unit filename="roomOptions.c">
			<Option compilerVar="CC" />
		</Unit>
		<Unit filename="roomOptions.h" />
		<Unit filename="roomTypes.txt" />
		<Unit filename="saveInv.txt" />
		<Unit filename="savePlayer.txt" />
		<Unit filename="saveRooms.txt" />
		<Unit filename="setup.c">
			<Option compilerVar="CC" />
		</Unit>
		<Unit filename="setup.h" />
		<Unit filename="setupStructs.h" />
		<Unit filename="userManagement.c">
			<Option compilerVar="CC" />
		</Unit>
		<Unit filename="userManagement.h" />
		<Unit filename="weapons.txt" />
		<Extensions>
			<lib_finder disable_auto="1" />
		</Extensions>
	</Project>
</CodeBlocks_project_file>
